
Microsoft Visual Studio Solution File, Format Version 12.00
# Visual Studio Version 16
VisualStudioVersion = 16.0.30114.105
MinimumVisualStudioVersion = 10.0.40219.1
Project("{2150E333-8FDC-42A3-9474-1A3956D46DE8}") = "src", "src", "{0154D374-00E9-40CD-873C-6BE20AE38233}"
EndProject
Project("{2150E333-8FDC-42A3-9474-1A3956D46DE8}") = "Payment", "Payment", "{799E3E24-5F99-4B43-B598-F14D4C9366CE}"
EndProject
Project("{FAE04EC0-301F-11D3-BF4B-00C04F79EFBC}") = "TrustyPay.Payment.Application", "src\Payment\TrustyPay.Payment.Application\TrustyPay.Payment.Application.csproj", "{3313B92F-B388-41EC-AA5E-AD9456030E73}"
EndProject
Project("{FAE04EC0-301F-11D3-BF4B-00C04F79EFBC}") = "TrustyPay.Payment.Domain", "src\Payment\TrustyPay.Payment.Domain\TrustyPay.Payment.Domain.csproj", "{68870063-AE24-4FDE-8C3F-507DCEA774A5}"
EndProject
Project("{2150E333-8FDC-42A3-9474-1A3956D46DE8}") = "Externals", "Externals", "{6F3E74AA-58DD-48B7-896F-74C7F78371B8}"
EndProject
Project("{FAE04EC0-301F-11D3-BF4B-00C04F79EFBC}") = "TrustyPay.Payment.Externals.Icbc", "src\Payment\Externals\TrustyPay.Payment.Externals.Icbc\TrustyPay.Payment.Externals.Icbc.csproj", "{00B20081-2B4F-4E35-9409-BB4B629F231F}"
EndProject
Project("{2150E333-8FDC-42A3-9474-1A3956D46DE8}") = "Core", "Core", "{A45521BD-90C4-47DC-B925-3A34C78EC5DE}"
EndProject
Project("{FAE04EC0-301F-11D3-BF4B-00C04F79EFBC}") = "TrustyPay.Core.Cryptography", "src\Core\TrustyPay.Core.Cryptography\TrustyPay.Core.Cryptography.csproj", "{894090B9-C5EF-44C8-BF05-AC16D379B423}"
EndProject
Project("{2150E333-8FDC-42A3-9474-1A3956D46DE8}") = "test", "test", "{D6277D8F-28CE-4991-AC32-10C39C7D1C6F}"
EndProject
Project("{2150E333-8FDC-42A3-9474-1A3956D46DE8}") = "Core", "Core", "{84570E07-62E4-46C3-99E6-AE68CA58F383}"
EndProject
Project("{FAE04EC0-301F-11D3-BF4B-00C04F79EFBC}") = "TrustyPay.Core.Cryptography.Fixtures", "test\Core\TrustyPay.Core.Cryptography.Fixtures\TrustyPay.Core.Cryptography.Fixtures.csproj", "{B9A92CE8-58BE-44A2-8DA3-5B3E91852E6B}"
EndProject
Project("{FAE04EC0-301F-11D3-BF4B-00C04F79EFBC}") = "TrustyPay.Core.Cryptography.Extensions", "src\Core\TrustyPay.Core.Cryptography.Extensions\TrustyPay.Core.Cryptography.Extensions.csproj", "{4C4E8392-1593-443E-AED2-75684C1C5876}"
EndProject
Project("{2150E333-8FDC-42A3-9474-1A3956D46DE8}") = "Benchmark", "Benchmark", "{2633271A-0E8D-46AD-A9C7-0D4DEB2707FD}"
EndProject
Project("{FAE04EC0-301F-11D3-BF4B-00C04F79EFBC}") = "TrustyPay.Core.Cryptography.Benchmarks", "test\Benchmark\TrustyPay.Core.Cryptography.Benchmarks\TrustyPay.Core.Cryptography.Benchmarks.csproj", "{85218E8E-A54B-4A43-9F2F-274651D7E827}"
EndProject
Project("{FAE04EC0-301F-11D3-BF4B-00C04F79EFBC}") = "TrustyPay.Core.Cryptography.Http.Fixtures", "test\Core\TrustyPay.Core.Cryptography.Http.Fixtures\TrustyPay.Core.Cryptography.Http.Fixtures.csproj", "{25B27575-04D3-4918-A412-04D76D2041B5}"
EndProject
Project("{FAE04EC0-301F-11D3-BF4B-00C04F79EFBC}") = "TrustyPay.Core.Cryptography.Http", "src\Core\TrustyPay.Core.Cryptography.Http\TrustyPay.Core.Cryptography.Http.csproj", "{EDD76150-2636-45C1-9A68-75F1C2B4BF66}"
EndProject
Project("{FAE04EC0-301F-11D3-BF4B-00C04F79EFBC}") = "TrustyPay.Core.Cryptography.Http.Service", "src\Core\TrustyPay.Core.Cryptography.Http.Service\TrustyPay.Core.Cryptography.Http.Service.csproj", "{70551AE6-D393-46B4-8297-492CE90E7EA0}"
EndProject
Project("{FAE04EC0-301F-11D3-BF4B-00C04F79EFBC}") = "TrustyPay.Core.Cryptography.Http.Client", "src\Core\TrustyPay.Core.Cryptography.Http.Client\TrustyPay.Core.Cryptography.Http.Client.csproj", "{AA567FC3-4993-43BA-9C00-580E60339024}"
EndProject
Global
	GlobalSection(SolutionConfigurationPlatforms) = preSolution
		Debug|Any CPU = Debug|Any CPU
		Debug|x64 = Debug|x64
		Debug|x86 = Debug|x86
		Release|Any CPU = Release|Any CPU
		Release|x64 = Release|x64
		Release|x86 = Release|x86
	EndGlobalSection
	GlobalSection(SolutionProperties) = preSolution
		HideSolutionNode = FALSE
	EndGlobalSection
	GlobalSection(ProjectConfigurationPlatforms) = postSolution
		{3313B92F-B388-41EC-AA5E-AD9456030E73}.Debug|Any CPU.ActiveCfg = Debug|Any CPU
		{3313B92F-B388-41EC-AA5E-AD9456030E73}.Debug|Any CPU.Build.0 = Debug|Any CPU
		{3313B92F-B388-41EC-AA5E-AD9456030E73}.Debug|x64.ActiveCfg = Debug|Any CPU
		{3313B92F-B388-41EC-AA5E-AD9456030E73}.Debug|x64.Build.0 = Debug|Any CPU
		{3313B92F-B388-41EC-AA5E-AD9456030E73}.Debug|x86.ActiveCfg = Debug|Any CPU
		{3313B92F-B388-41EC-AA5E-AD9456030E73}.Debug|x86.Build.0 = Debug|Any CPU
		{3313B92F-B388-41EC-AA5E-AD9456030E73}.Release|Any CPU.ActiveCfg = Release|Any CPU
		{3313B92F-B388-41EC-AA5E-AD9456030E73}.Release|Any CPU.Build.0 = Release|Any CPU
		{3313B92F-B388-41EC-AA5E-AD9456030E73}.Release|x64.ActiveCfg = Release|Any CPU
		{3313B92F-B388-41EC-AA5E-AD9456030E73}.Release|x64.Build.0 = Release|Any CPU
		{3313B92F-B388-41EC-AA5E-AD9456030E73}.Release|x86.ActiveCfg = Release|Any CPU
		{3313B92F-B388-41EC-AA5E-AD9456030E73}.Release|x86.Build.0 = Release|Any CPU
		{68870063-AE24-4FDE-8C3F-507DCEA774A5}.Debug|Any CPU.ActiveCfg = Debug|Any CPU
		{68870063-AE24-4FDE-8C3F-507DCEA774A5}.Debug|Any CPU.Build.0 = Debug|Any CPU
		{68870063-AE24-4FDE-8C3F-507DCEA774A5}.Debug|x64.ActiveCfg = Debug|Any CPU
		{68870063-AE24-4FDE-8C3F-507DCEA774A5}.Debug|x64.Build.0 = Debug|Any CPU
		{68870063-AE24-4FDE-8C3F-507DCEA774A5}.Debug|x86.ActiveCfg = Debug|Any CPU
		{68870063-AE24-4FDE-8C3F-507DCEA774A5}.Debug|x86.Build.0 = Debug|Any CPU
		{68870063-AE24-4FDE-8C3F-507DCEA774A5}.Release|Any CPU.ActiveCfg = Release|Any CPU
		{68870063-AE24-4FDE-8C3F-507DCEA774A5}.Release|Any CPU.Build.0 = Release|Any CPU
		{68870063-AE24-4FDE-8C3F-507DCEA774A5}.Release|x64.ActiveCfg = Release|Any CPU
		{68870063-AE24-4FDE-8C3F-507DCEA774A5}.Release|x64.Build.0 = Release|Any CPU
		{68870063-AE24-4FDE-8C3F-507DCEA774A5}.Release|x86.ActiveCfg = Release|Any CPU
		{68870063-AE24-4FDE-8C3F-507DCEA774A5}.Release|x86.Build.0 = Release|Any CPU
		{00B20081-2B4F-4E35-9409-BB4B629F231F}.Debug|Any CPU.ActiveCfg = Debug|Any CPU
		{00B20081-2B4F-4E35-9409-BB4B629F231F}.Debug|Any CPU.Build.0 = Debug|Any CPU
		{00B20081-2B4F-4E35-9409-BB4B629F231F}.Debug|x64.ActiveCfg = Debug|Any CPU
		{00B20081-2B4F-4E35-9409-BB4B629F231F}.Debug|x64.Build.0 = Debug|Any CPU
		{00B20081-2B4F-4E35-9409-BB4B629F231F}.Debug|x86.ActiveCfg = Debug|Any CPU
		{00B20081-2B4F-4E35-9409-BB4B629F231F}.Debug|x86.Build.0 = Debug|Any CPU
		{00B20081-2B4F-4E35-9409-BB4B629F231F}.Release|Any CPU.ActiveCfg = Release|Any CPU
		{00B20081-2B4F-4E35-9409-BB4B629F231F}.Release|Any CPU.Build.0 = Release|Any CPU
		{00B20081-2B4F-4E35-9409-BB4B629F231F}.Release|x64.ActiveCfg = Release|Any CPU
		{00B20081-2B4F-4E35-9409-BB4B629F231F}.Release|x64.Build.0 = Release|Any CPU
		{00B20081-2B4F-4E35-9409-BB4B629F231F}.Release|x86.ActiveCfg = Release|Any CPU
		{00B20081-2B4F-4E35-9409-BB4B629F231F}.Release|x86.Build.0 = Release|Any CPU
		{894090B9-C5EF-44C8-BF05-AC16D379B423}.Debug|Any CPU.ActiveCfg = Debug|Any CPU
		{894090B9-C5EF-44C8-BF05-AC16D379B423}.Debug|Any CPU.Build.0 = Debug|Any CPU
		{894090B9-C5EF-44C8-BF05-AC16D379B423}.Debug|x64.ActiveCfg = Debug|Any CPU
		{894090B9-C5EF-44C8-BF05-AC16D379B423}.Debug|x64.Build.0 = Debug|Any CPU
		{894090B9-C5EF-44C8-BF05-AC16D379B423}.Debug|x86.ActiveCfg = Debug|Any CPU
		{894090B9-C5EF-44C8-BF05-AC16D379B423}.Debug|x86.Build.0 = Debug|Any CPU
		{894090B9-C5EF-44C8-BF05-AC16D379B423}.Release|Any CPU.ActiveCfg = Release|Any CPU
		{894090B9-C5EF-44C8-BF05-AC16D379B423}.Release|Any CPU.Build.0 = Release|Any CPU
		{894090B9-C5EF-44C8-BF05-AC16D379B423}.Release|x64.ActiveCfg = Release|Any CPU
		{894090B9-C5EF-44C8-BF05-AC16D379B423}.Release|x64.Build.0 = Release|Any CPU
		{894090B9-C5EF-44C8-BF05-AC16D379B423}.Release|x86.ActiveCfg = Release|Any CPU
		{894090B9-C5EF-44C8-BF05-AC16D379B423}.Release|x86.Build.0 = Release|Any CPU
		{B9A92CE8-58BE-44A2-8DA3-5B3E91852E6B}.Debug|Any CPU.ActiveCfg = Debug|Any CPU
		{B9A92CE8-58BE-44A2-8DA3-5B3E91852E6B}.Debug|Any CPU.Build.0 = Debug|Any CPU
		{B9A92CE8-58BE-44A2-8DA3-5B3E91852E6B}.Debug|x64.ActiveCfg = Debug|Any CPU
		{B9A92CE8-58BE-44A2-8DA3-5B3E91852E6B}.Debug|x64.Build.0 = Debug|Any CPU
		{B9A92CE8-58BE-44A2-8DA3-5B3E91852E6B}.Debug|x86.ActiveCfg = Debug|Any CPU
		{B9A92CE8-58BE-44A2-8DA3-5B3E91852E6B}.Debug|x86.Build.0 = Debug|Any CPU
		{B9A92CE8-58BE-44A2-8DA3-5B3E91852E6B}.Release|Any CPU.ActiveCfg = Release|Any CPU
		{B9A92CE8-58BE-44A2-8DA3-5B3E91852E6B}.Release|Any CPU.Build.0 = Release|Any CPU
		{B9A92CE8-58BE-44A2-8DA3-5B3E91852E6B}.Release|x64.ActiveCfg = Release|Any CPU
		{B9A92CE8-58BE-44A2-8DA3-5B3E91852E6B}.Release|x64.Build.0 = Release|Any CPU
		{B9A92CE8-58BE-44A2-8DA3-5B3E91852E6B}.Release|x86.ActiveCfg = Release|Any CPU
		{B9A92CE8-58BE-44A2-8DA3-5B3E91852E6B}.Release|x86.Build.0 = Release|Any CPU
		{4C4E8392-1593-443E-AED2-75684C1C5876}.Debug|Any CPU.ActiveCfg = Debug|Any CPU
		{4C4E8392-1593-443E-AED2-75684C1C5876}.Debug|Any CPU.Build.0 = Debug|Any CPU
		{4C4E8392-1593-443E-AED2-75684C1C5876}.Debug|x64.ActiveCfg = Debug|Any CPU
		{4C4E8392-1593-443E-AED2-75684C1C5876}.Debug|x64.Build.0 = Debug|Any CPU
		{4C4E8392-1593-443E-AED2-75684C1C5876}.Debug|x86.ActiveCfg = Debug|Any CPU
		{4C4E8392-1593-443E-AED2-75684C1C5876}.Debug|x86.Build.0 = Debug|Any CPU
		{4C4E8392-1593-443E-AED2-75684C1C5876}.Release|Any CPU.ActiveCfg = Release|Any CPU
		{4C4E8392-1593-443E-AED2-75684C1C5876}.Release|Any CPU.Build.0 = Release|Any CPU
		{4C4E8392-1593-443E-AED2-75684C1C5876}.Release|x64.ActiveCfg = Release|Any CPU
		{4C4E8392-1593-443E-AED2-75684C1C5876}.Release|x64.Build.0 = Release|Any CPU
		{4C4E8392-1593-443E-AED2-75684C1C5876}.Release|x86.ActiveCfg = Release|Any CPU
		{4C4E8392-1593-443E-AED2-75684C1C5876}.Release|x86.Build.0 = Release|Any CPU
		{85218E8E-A54B-4A43-9F2F-274651D7E827}.Debug|Any CPU.ActiveCfg = Debug|Any CPU
		{85218E8E-A54B-4A43-9F2F-274651D7E827}.Debug|Any CPU.Build.0 = Debug|Any CPU
		{85218E8E-A54B-4A43-9F2F-274651D7E827}.Debug|x64.ActiveCfg = Debug|Any CPU
		{85218E8E-A54B-4A43-9F2F-274651D7E827}.Debug|x64.Build.0 = Debug|Any CPU
		{85218E8E-A54B-4A43-9F2F-274651D7E827}.Debug|x86.ActiveCfg = Debug|Any CPU
		{85218E8E-A54B-4A43-9F2F-274651D7E827}.Debug|x86.Build.0 = Debug|Any CPU
		{85218E8E-A54B-4A43-9F2F-274651D7E827}.Release|Any CPU.ActiveCfg = Release|Any CPU
		{85218E8E-A54B-4A43-9F2F-274651D7E827}.Release|Any CPU.Build.0 = Release|Any CPU
		{85218E8E-A54B-4A43-9F2F-274651D7E827}.Release|x64.ActiveCfg = Release|Any CPU
		{85218E8E-A54B-4A43-9F2F-274651D7E827}.Release|x64.Build.0 = Release|Any CPU
		{85218E8E-A54B-4A43-9F2F-274651D7E827}.Release|x86.ActiveCfg = Release|Any CPU
		{85218E8E-A54B-4A43-9F2F-274651D7E827}.Release|x86.Build.0 = Release|Any CPU
		{25B27575-04D3-4918-A412-04D76D2041B5}.Debug|Any CPU.ActiveCfg = Debug|Any CPU
		{25B27575-04D3-4918-A412-04D76D2041B5}.Debug|Any CPU.Build.0 = Debug|Any CPU
		{25B27575-04D3-4918-A412-04D76D2041B5}.Debug|x64.ActiveCfg = Debug|Any CPU
		{25B27575-04D3-4918-A412-04D76D2041B5}.Debug|x64.Build.0 = Debug|Any CPU
		{25B27575-04D3-4918-A412-04D76D2041B5}.Debug|x86.ActiveCfg = Debug|Any CPU
		{25B27575-04D3-4918-A412-04D76D2041B5}.Debug|x86.Build.0 = Debug|Any CPU
		{25B27575-04D3-4918-A412-04D76D2041B5}.Release|Any CPU.ActiveCfg = Release|Any CPU
		{25B27575-04D3-4918-A412-04D76D2041B5}.Release|Any CPU.Build.0 = Release|Any CPU
		{25B27575-04D3-4918-A412-04D76D2041B5}.Release|x64.ActiveCfg = Release|Any CPU
		{25B27575-04D3-4918-A412-04D76D2041B5}.Release|x64.Build.0 = Release|Any CPU
		{25B27575-04D3-4918-A412-04D76D2041B5}.Release|x86.ActiveCfg = Release|Any CPU
		{25B27575-04D3-4918-A412-04D76D2041B5}.Release|x86.Build.0 = Release|Any CPU
		{EDD76150-2636-45C1-9A68-75F1C2B4BF66}.Debug|Any CPU.ActiveCfg = Debug|Any CPU
		{EDD76150-2636-45C1-9A68-75F1C2B4BF66}.Debug|Any CPU.Build.0 = Debug|Any CPU
		{EDD76150-2636-45C1-9A68-75F1C2B4BF66}.Debug|x64.ActiveCfg = Debug|Any CPU
		{EDD76150-2636-45C1-9A68-75F1C2B4BF66}.Debug|x64.Build.0 = Debug|Any CPU
		{EDD76150-2636-45C1-9A68-75F1C2B4BF66}.Debug|x86.ActiveCfg = Debug|Any CPU
		{EDD76150-2636-45C1-9A68-75F1C2B4BF66}.Debug|x86.Build.0 = Debug|Any CPU
		{EDD76150-2636-45C1-9A68-75F1C2B4BF66}.Release|Any CPU.ActiveCfg = Release|Any CPU
		{EDD76150-2636-45C1-9A68-75F1C2B4BF66}.Release|Any CPU.Build.0 = Release|Any CPU
		{EDD76150-2636-45C1-9A68-75F1C2B4BF66}.Release|x64.ActiveCfg = Release|Any CPU
		{EDD76150-2636-45C1-9A68-75F1C2B4BF66}.Release|x64.Build.0 = Release|Any CPU
		{EDD76150-2636-45C1-9A68-75F1C2B4BF66}.Release|x86.ActiveCfg = Release|Any CPU
		{EDD76150-2636-45C1-9A68-75F1C2B4BF66}.Release|x86.Build.0 = Release|Any CPU
		{70551AE6-D393-46B4-8297-492CE90E7EA0}.Debug|Any CPU.ActiveCfg = Debug|Any CPU
		{70551AE6-D393-46B4-8297-492CE90E7EA0}.Debug|Any CPU.Build.0 = Debug|Any CPU
		{70551AE6-D393-46B4-8297-492CE90E7EA0}.Debug|x64.ActiveCfg = Debug|Any CPU
		{70551AE6-D393-46B4-8297-492CE90E7EA0}.Debug|x64.Build.0 = Debug|Any CPU
		{70551AE6-D393-46B4-8297-492CE90E7EA0}.Debug|x86.ActiveCfg = Debug|Any CPU
		{70551AE6-D393-46B4-8297-492CE90E7EA0}.Debug|x86.Build.0 = Debug|Any CPU
		{70551AE6-D393-46B4-8297-492CE90E7EA0}.Release|Any CPU.ActiveCfg = Release|Any CPU
		{70551AE6-D393-46B4-8297-492CE90E7EA0}.Release|Any CPU.Build.0 = Release|Any CPU
		{70551AE6-D393-46B4-8297-492CE90E7EA0}.Release|x64.ActiveCfg = Release|Any CPU
		{70551AE6-D393-46B4-8297-492CE90E7EA0}.Release|x64.Build.0 = Release|Any CPU
		{70551AE6-D393-46B4-8297-492CE90E7EA0}.Release|x86.ActiveCfg = Release|Any CPU
		{70551AE6-D393-46B4-8297-492CE90E7EA0}.Release|x86.Build.0 = Release|Any CPU
		{AA567FC3-4993-43BA-9C00-580E60339024}.Debug|Any CPU.ActiveCfg = Debug|Any CPU
		{AA567FC3-4993-43BA-9C00-580E60339024}.Debug|Any CPU.Build.0 = Debug|Any CPU
		{AA567FC3-4993-43BA-9C00-580E60339024}.Debug|x64.ActiveCfg = Debug|Any CPU
		{AA567FC3-4993-43BA-9C00-580E60339024}.Debug|x64.Build.0 = Debug|Any CPU
		{AA567FC3-4993-43BA-9C00-580E60339024}.Debug|x86.ActiveCfg = Debug|Any CPU
		{AA567FC3-4993-43BA-9C00-580E60339024}.Debug|x86.Build.0 = Debug|Any CPU
		{AA567FC3-4993-43BA-9C00-580E60339024}.Release|Any CPU.ActiveCfg = Release|Any CPU
		{AA567FC3-4993-43BA-9C00-580E60339024}.Release|Any CPU.Build.0 = Release|Any CPU
		{AA567FC3-4993-43BA-9C00-580E60339024}.Release|x64.ActiveCfg = Release|Any CPU
		{AA567FC3-4993-43BA-9C00-580E60339024}.Release|x64.Build.0 = Release|Any CPU
		{AA567FC3-4993-43BA-9C00-580E60339024}.Release|x86.ActiveCfg = Release|Any CPU
		{AA567FC3-4993-43BA-9C00-580E60339024}.Release|x86.Build.0 = Release|Any CPU
	EndGlobalSection
	GlobalSection(NestedProjects) = preSolution
		{799E3E24-5F99-4B43-B598-F14D4C9366CE} = {0154D374-00E9-40CD-873C-6BE20AE38233}
		{3313B92F-B388-41EC-AA5E-AD9456030E73} = {799E3E24-5F99-4B43-B598-F14D4C9366CE}
		{68870063-AE24-4FDE-8C3F-507DCEA774A5} = {799E3E24-5F99-4B43-B598-F14D4C9366CE}
		{6F3E74AA-58DD-48B7-896F-74C7F78371B8} = {799E3E24-5F99-4B43-B598-F14D4C9366CE}
		{00B20081-2B4F-4E35-9409-BB4B629F231F} = {6F3E74AA-58DD-48B7-896F-74C7F78371B8}
		{A45521BD-90C4-47DC-B925-3A34C78EC5DE} = {0154D374-00E9-40CD-873C-6BE20AE38233}
		{894090B9-C5EF-44C8-BF05-AC16D379B423} = {A45521BD-90C4-47DC-B925-3A34C78EC5DE}
		{84570E07-62E4-46C3-99E6-AE68CA58F383} = {D6277D8F-28CE-4991-AC32-10C39C7D1C6F}
		{B9A92CE8-58BE-44A2-8DA3-5B3E91852E6B} = {84570E07-62E4-46C3-99E6-AE68CA58F383}
		{4C4E8392-1593-443E-AED2-75684C1C5876} = {A45521BD-90C4-47DC-B925-3A34C78EC5DE}
		{2633271A-0E8D-46AD-A9C7-0D4DEB2707FD} = {D6277D8F-28CE-4991-AC32-10C39C7D1C6F}
		{85218E8E-A54B-4A43-9F2F-274651D7E827} = {2633271A-0E8D-46AD-A9C7-0D4DEB2707FD}
		{25B27575-04D3-4918-A412-04D76D2041B5} = {84570E07-62E4-46C3-99E6-AE68CA58F383}
		{EDD76150-2636-45C1-9A68-75F1C2B4BF66} = {A45521BD-90C4-47DC-B925-3A34C78EC5DE}
		{70551AE6-D393-46B4-8297-492CE90E7EA0} = {A45521BD-90C4-47DC-B925-3A34C78EC5DE}
		{AA567FC3-4993-43BA-9C00-580E60339024} = {A45521BD-90C4-47DC-B925-3A34C78EC5DE}
	EndGlobalSection
EndGlobal
